
Microsoft Visual Studio Solution File, Format Version 12.00
# Visual Studio 15
Project("{FAE04EC0-301F-11D3-BF4B-00C04F79EFBC}") = "Mirror", "Mirror.csproj", "{DC7EB71C-56D7-9051-609E-258781C85AE8}"
EndProject
Project("{FAE04EC0-301F-11D3-BF4B-00C04F79EFBC}") = "Mirror.Hosting", "Mirror.Hosting.csproj", "{434584CD-F14C-AD29-86BE-F4312A6A4C1A}"
EndProject
Project("{FAE04EC0-301F-11D3-BF4B-00C04F79EFBC}") = "SteamVR", "SteamVR.csproj", "{7E48A515-A432-E905-AD09-06009B257C25}"
EndProject
Project("{FAE04EC0-301F-11D3-BF4B-00C04F79EFBC}") = "SteamVR_Input_Editor", "SteamVR_Input_Editor.csproj", "{D6761A9B-AD50-02D5-B931-8FFCA9781DA0}"
EndProject
Project("{FAE04EC0-301F-11D3-BF4B-00C04F79EFBC}") = "Unity.Mirror.CodeGen", "Unity.Mirror.CodeGen.csproj", "{B5F5D715-60FC-D3B6-F6F6-7518B14E7CB8}"
EndProject
Project("{FAE04EC0-301F-11D3-BF4B-00C04F79EFBC}") = "Wave.Essence.Hand.Model", "Wave.Essence.Hand.Model.csproj", "{656A173C-07B3-5F37-1A90-7B1B4B91C49F}"
EndProject
Project("{FAE04EC0-301F-11D3-BF4B-00C04F79EFBC}") = "Mirror.Components", "Mirror.Components.csproj", "{F8E651D7-F5ED-3382-7BBF-902E85A85E5F}"
EndProject
Project("{FAE04EC0-301F-11D3-BF4B-00C04F79EFBC}") = "Mirror.Editor", "Mirror.Editor.csproj", "{D8150CAE-CD9B-0B12-BBBA-D942CD11ABAE}"
EndProject
Project("{FAE04EC0-301F-11D3-BF4B-00C04F79EFBC}") = "Mirror.Transports", "Mirror.Transports.csproj", "{3CDE5B39-4AA1-8CDF-B649-04D356BFB4C0}"
EndProject
Project("{FAE04EC0-301F-11D3-BF4B-00C04F79EFBC}") = "Wave.Essence.Interaction.Mode", "Wave.Essence.Interaction.Mode.csproj", "{B7EE1667-F9DF-767B-C047-7F55BD7A7CEC}"
EndProject
Project("{FAE04EC0-301F-11D3-BF4B-00C04F79EFBC}") = "Mirror.Examples", "Mirror.Examples.csproj", "{7AC1F20F-7B1B-8A61-0EFB-ECAFC1C042EC}"
EndProject
Project("{FAE04EC0-301F-11D3-BF4B-00C04F79EFBC}") = "Wave.Essence.InputModule", "Wave.Essence.InputModule.csproj", "{C4A449A1-E029-86FD-F657-909A209E1713}"
EndProject
Project("{FAE04EC0-301F-11D3-BF4B-00C04F79EFBC}") = "kcp2k", "kcp2k.csproj", "{48DB6725-2675-EA98-835B-B91A7EDD496E}"
EndProject
Project("{FAE04EC0-301F-11D3-BF4B-00C04F79EFBC}") = "Assembly-CSharp-Editor-firstpass", "Assembly-CSharp-Editor-firstpass.csproj", "{78EA123D-AFA3-B4B2-F31B-CD37409971B6}"
EndProject
Project("{FAE04EC0-301F-11D3-BF4B-00C04F79EFBC}") = "SimpleWebTransport", "SimpleWebTransport.csproj", "{6150B019-3B4E-FAFF-2331-2F9C0B64E46D}"
EndProject
Project("{FAE04EC0-301F-11D3-BF4B-00C04F79EFBC}") = "Assembly-CSharp", "Assembly-CSharp.csproj", "{6D7E8C3C-0B88-0D8F-FE7B-59D469DCF516}"
EndProject
Project("{FAE04EC0-301F-11D3-BF4B-00C04F79EFBC}") = "Mirror.Authenticators", "Mirror.Authenticators.csproj", "{EBF28D36-B146-D31D-8E8B-B15F6171E817}"
EndProject
Project("{FAE04EC0-301F-11D3-BF4B-00C04F79EFBC}") = "SteamVR_Editor", "SteamVR_Editor.csproj", "{7CB37963-DEFB-A780-38DB-1936C3B3898E}"
EndProject
Project("{FAE04EC0-301F-11D3-BF4B-00C04F79EFBC}") = "EncryptionTransportEditor", "EncryptionTransportEditor.csproj", "{6A000944-4D0D-2F6C-E9FE-FEEBA56C3867}"
EndProject
Project("{FAE04EC0-301F-11D3-BF4B-00C04F79EFBC}") = "Telepathy", "Telepathy.csproj", "{FFC1BD01-C55C-307B-BE8E-E160FB035316}"
EndProject
Project("{FAE04EC0-301F-11D3-BF4B-00C04F79EFBC}") = "Unity.XR.Interaction.Toolkit.Samples.DeviceSimulator", "Unity.XR.Interaction.Toolkit.Samples.DeviceSimulator.csproj", "{B020CD7B-1521-949B-2030-3B63488E46B7}"
EndProject
Project("{FAE04EC0-301F-11D3-BF4B-00C04F79EFBC}") = "Unity.XR.Interaction.Toolkit.Samples.StarterAssets", "Unity.XR.Interaction.Toolkit.Samples.StarterAssets.csproj", "{60C34224-466A-CAE5-7AA7-AC604E535BA5}"
EndProject
Project("{FAE04EC0-301F-11D3-BF4B-00C04F79EFBC}") = "Wave.Essence.Controller.Model", "Wave.Essence.Controller.Model.csproj", "{0AB21E1A-A3CC-FA9B-F996-E19D5DDE3424}"
EndProject
Project("{FAE04EC0-301F-11D3-BF4B-00C04F79EFBC}") = "SteamVR_Windows_EditorHelper", "SteamVR_Windows_EditorHelper.csproj", "{9EC8FBA0-9DC0-72A6-A0A9-82D1A4A135B7}"
EndProject
Project("{FAE04EC0-301F-11D3-BF4B-00C04F79EFBC}") = "Mirror.CompilerSymbols", "Mirror.CompilerSymbols.csproj", "{1217337F-E227-90AB-E654-AA46218C018A}"
EndProject
Project("{FAE04EC0-301F-11D3-BF4B-00C04F79EFBC}") = "Unity.XR.Interaction.Toolkit.Samples.StarterAssets.Editor", "Unity.XR.Interaction.Toolkit.Samples.StarterAssets.Editor.csproj", "{6F3E7753-409F-3F0E-264A-25D9ED7D241D}"
EndProject
Project("{FAE04EC0-301F-11D3-BF4B-00C04F79EFBC}") = "Assembly-CSharp-firstpass", "Assembly-CSharp-firstpass.csproj", "{9860B4C9-4FDF-843E-6101-E0EC642ABF07}"
EndProject
Global
	GlobalSection(SolutionConfigurationPlatforms) = preSolution
		Debug|Any CPU = Debug|Any CPU
		Release|Any CPU = Release|Any CPU
	EndGlobalSection
	GlobalSection(ProjectConfigurationPlatforms) = postSolution
		{DC7EB71C-56D7-9051-609E-258781C85AE8}.Debug|Any CPU.ActiveCfg = Debug|Any CPU
		{DC7EB71C-56D7-9051-609E-258781C85AE8}.Debug|Any CPU.Build.0 = Debug|Any CPU
		{DC7EB71C-56D7-9051-609E-258781C85AE8}.Release|Any CPU.ActiveCfg = Release|Any CPU
		{DC7EB71C-56D7-9051-609E-258781C85AE8}.Release|Any CPU.Build.0 = Release|Any CPU
		{434584CD-F14C-AD29-86BE-F4312A6A4C1A}.Debug|Any CPU.ActiveCfg = Debug|Any CPU
		{434584CD-F14C-AD29-86BE-F4312A6A4C1A}.Debug|Any CPU.Build.0 = Debug|Any CPU
		{434584CD-F14C-AD29-86BE-F4312A6A4C1A}.Release|Any CPU.ActiveCfg = Release|Any CPU
		{434584CD-F14C-AD29-86BE-F4312A6A4C1A}.Release|Any CPU.Build.0 = Release|Any CPU
		{7E48A515-A432-E905-AD09-06009B257C25}.Debug|Any CPU.ActiveCfg = Debug|Any CPU
		{7E48A515-A432-E905-AD09-06009B257C25}.Debug|Any CPU.Build.0 = Debug|Any CPU
		{7E48A515-A432-E905-AD09-06009B257C25}.Release|Any CPU.ActiveCfg = Release|Any CPU
		{7E48A515-A432-E905-AD09-06009B257C25}.Release|Any CPU.Build.0 = Release|Any CPU
		{D6761A9B-AD50-02D5-B931-8FFCA9781DA0}.Debug|Any CPU.ActiveCfg = Debug|Any CPU
		{D6761A9B-AD50-02D5-B931-8FFCA9781DA0}.Debug|Any CPU.Build.0 = Debug|Any CPU
		{D6761A9B-AD50-02D5-B931-8FFCA9781DA0}.Release|Any CPU.ActiveCfg = Release|Any CPU
		{D6761A9B-AD50-02D5-B931-8FFCA9781DA0}.Release|Any CPU.Build.0 = Release|Any CPU
		{B5F5D715-60FC-D3B6-F6F6-7518B14E7CB8}.Debug|Any CPU.ActiveCfg = Debug|Any CPU
		{B5F5D715-60FC-D3B6-F6F6-7518B14E7CB8}.Debug|Any CPU.Build.0 = Debug|Any CPU
		{B5F5D715-60FC-D3B6-F6F6-7518B14E7CB8}.Release|Any CPU.ActiveCfg = Release|Any CPU
		{B5F5D715-60FC-D3B6-F6F6-7518B14E7CB8}.Release|Any CPU.Build.0 = Release|Any CPU
		{656A173C-07B3-5F37-1A90-7B1B4B91C49F}.Debug|Any CPU.ActiveCfg = Debug|Any CPU
		{656A173C-07B3-5F37-1A90-7B1B4B91C49F}.Debug|Any CPU.Build.0 = Debug|Any CPU
		{656A173C-07B3-5F37-1A90-7B1B4B91C49F}.Release|Any CPU.ActiveCfg = Release|Any CPU
		{656A173C-07B3-5F37-1A90-7B1B4B91C49F}.Release|Any CPU.Build.0 = Release|Any CPU
		{F8E651D7-F5ED-3382-7BBF-902E85A85E5F}.Debug|Any CPU.ActiveCfg = Debug|Any CPU
		{F8E651D7-F5ED-3382-7BBF-902E85A85E5F}.Debug|Any CPU.Build.0 = Debug|Any CPU
		{F8E651D7-F5ED-3382-7BBF-902E85A85E5F}.Release|Any CPU.ActiveCfg = Release|Any CPU
		{F8E651D7-F5ED-3382-7BBF-902E85A85E5F}.Release|Any CPU.Build.0 = Release|Any CPU
		{D8150CAE-CD9B-0B12-BBBA-D942CD11ABAE}.Debug|Any CPU.ActiveCfg = Debug|Any CPU
		{D8150CAE-CD9B-0B12-BBBA-D942CD11ABAE}.Debug|Any CPU.Build.0 = Debug|Any CPU
		{D8150CAE-CD9B-0B12-BBBA-D942CD11ABAE}.Release|Any CPU.ActiveCfg = Release|Any CPU
		{D8150CAE-CD9B-0B12-BBBA-D942CD11ABAE}.Release|Any CPU.Build.0 = Release|Any CPU
		{3CDE5B39-4AA1-8CDF-B649-04D356BFB4C0}.Debug|Any CPU.ActiveCfg = Debug|Any CPU
		{3CDE5B39-4AA1-8CDF-B649-04D356BFB4C0}.Debug|Any CPU.Build.0 = Debug|Any CPU
		{3CDE5B39-4AA1-8CDF-B649-04D356BFB4C0}.Release|Any CPU.ActiveCfg = Release|Any CPU
		{3CDE5B39-4AA1-8CDF-B649-04D356BFB4C0}.Release|Any CPU.Build.0 = Release|Any CPU
		{B7EE1667-F9DF-767B-C047-7F55BD7A7CEC}.Debug|Any CPU.ActiveCfg = Debug|Any CPU
		{B7EE1667-F9DF-767B-C047-7F55BD7A7CEC}.Debug|Any CPU.Build.0 = Debug|Any CPU
		{B7EE1667-F9DF-767B-C047-7F55BD7A7CEC}.Release|Any CPU.ActiveCfg = Release|Any CPU
		{B7EE1667-F9DF-767B-C047-7F55BD7A7CEC}.Release|Any CPU.Build.0 = Release|Any CPU
		{7AC1F20F-7B1B-8A61-0EFB-ECAFC1C042EC}.Debug|Any CPU.ActiveCfg = Debug|Any CPU
		{7AC1F20F-7B1B-8A61-0EFB-ECAFC1C042EC}.Debug|Any CPU.Build.0 = Debug|Any CPU
		{7AC1F20F-7B1B-8A61-0EFB-ECAFC1C042EC}.Release|Any CPU.ActiveCfg = Release|Any CPU
		{7AC1F20F-7B1B-8A61-0EFB-ECAFC1C042EC}.Release|Any CPU.Build.0 = Release|Any CPU
		{C4A449A1-E029-86FD-F657-909A209E1713}.Debug|Any CPU.ActiveCfg = Debug|Any CPU
		{C4A449A1-E029-86FD-F657-909A209E1713}.Debug|Any CPU.Build.0 = Debug|Any CPU
		{C4A449A1-E029-86FD-F657-909A209E1713}.Release|Any CPU.ActiveCfg = Release|Any CPU
		{C4A449A1-E029-86FD-F657-909A209E1713}.Release|Any CPU.Build.0 = Release|Any CPU
		{48DB6725-2675-EA98-835B-B91A7EDD496E}.Debug|Any CPU.ActiveCfg = Debug|Any CPU
		{48DB6725-2675-EA98-835B-B91A7EDD496E}.Debug|Any CPU.Build.0 = Debug|Any CPU
		{48DB6725-2675-EA98-835B-B91A7EDD496E}.Release|Any CPU.ActiveCfg = Release|Any CPU
		{48DB6725-2675-EA98-835B-B91A7EDD496E}.Release|Any CPU.Build.0 = Release|Any CPU
		{78EA123D-AFA3-B4B2-F31B-CD37409971B6}.Debug|Any CPU.ActiveCfg = Debug|Any CPU
		{78EA123D-AFA3-B4B2-F31B-CD37409971B6}.Debug|Any CPU.Build.0 = Debug|Any CPU
		{78EA123D-AFA3-B4B2-F31B-CD37409971B6}.Release|Any CPU.ActiveCfg = Release|Any CPU
		{78EA123D-AFA3-B4B2-F31B-CD37409971B6}.Release|Any CPU.Build.0 = Release|Any CPU
		{6150B019-3B4E-FAFF-2331-2F9C0B64E46D}.Debug|Any CPU.ActiveCfg = Debug|Any CPU
		{6150B019-3B4E-FAFF-2331-2F9C0B64E46D}.Debug|Any CPU.Build.0 = Debug|Any CPU
		{6150B019-3B4E-FAFF-2331-2F9C0B64E46D}.Release|Any CPU.ActiveCfg = Release|Any CPU
		{6150B019-3B4E-FAFF-2331-2F9C0B64E46D}.Release|Any CPU.Build.0 = Release|Any CPU
		{6D7E8C3C-0B88-0D8F-FE7B-59D469DCF516}.Debug|Any CPU.ActiveCfg = Debug|Any CPU
		{6D7E8C3C-0B88-0D8F-FE7B-59D469DCF516}.Debug|Any CPU.Build.0 = Debug|Any CPU
		{6D7E8C3C-0B88-0D8F-FE7B-59D469DCF516}.Release|Any CPU.ActiveCfg = Release|Any CPU
		{6D7E8C3C-0B88-0D8F-FE7B-59D469DCF516}.Release|Any CPU.Build.0 = Release|Any CPU
		{EBF28D36-B146-D31D-8E8B-B15F6171E817}.Debug|Any CPU.ActiveCfg = Debug|Any CPU
		{EBF28D36-B146-D31D-8E8B-B15F6171E817}.Debug|Any CPU.Build.0 = Debug|Any CPU
		{EBF28D36-B146-D31D-8E8B-B15F6171E817}.Release|Any CPU.ActiveCfg = Release|Any CPU
		{EBF28D36-B146-D31D-8E8B-B15F6171E817}.Release|Any CPU.Build.0 = Release|Any CPU
		{7CB37963-DEFB-A780-38DB-1936C3B3898E}.Debug|Any CPU.ActiveCfg = Debug|Any CPU
		{7CB37963-DEFB-A780-38DB-1936C3B3898E}.Debug|Any CPU.Build.0 = Debug|Any CPU
		{7CB37963-DEFB-A780-38DB-1936C3B3898E}.Release|Any CPU.ActiveCfg = Release|Any CPU
		{7CB37963-DEFB-A780-38DB-1936C3B3898E}.Release|Any CPU.Build.0 = Release|Any CPU
		{6A000944-4D0D-2F6C-E9FE-FEEBA56C3867}.Debug|Any CPU.ActiveCfg = Debug|Any CPU
		{6A000944-4D0D-2F6C-E9FE-FEEBA56C3867}.Debug|Any CPU.Build.0 = Debug|Any CPU
		{6A000944-4D0D-2F6C-E9FE-FEEBA56C3867}.Release|Any CPU.ActiveCfg = Release|Any CPU
		{6A000944-4D0D-2F6C-E9FE-FEEBA56C3867}.Release|Any CPU.Build.0 = Release|Any CPU
		{FFC1BD01-C55C-307B-BE8E-E160FB035316}.Debug|Any CPU.ActiveCfg = Debug|Any CPU
		{FFC1BD01-C55C-307B-BE8E-E160FB035316}.Debug|Any CPU.Build.0 = Debug|Any CPU
		{FFC1BD01-C55C-307B-BE8E-E160FB035316}.Release|Any CPU.ActiveCfg = Release|Any CPU
		{FFC1BD01-C55C-307B-BE8E-E160FB035316}.Release|Any CPU.Build.0 = Release|Any CPU
		{B020CD7B-1521-949B-2030-3B63488E46B7}.Debug|Any CPU.ActiveCfg = Debug|Any CPU
		{B020CD7B-1521-949B-2030-3B63488E46B7}.Debug|Any CPU.Build.0 = Debug|Any CPU
		{B020CD7B-1521-949B-2030-3B63488E46B7}.Release|Any CPU.ActiveCfg = Release|Any CPU
		{B020CD7B-1521-949B-2030-3B63488E46B7}.Release|Any CPU.Build.0 = Release|Any CPU
		{60C34224-466A-CAE5-7AA7-AC604E535BA5}.Debug|Any CPU.ActiveCfg = Debug|Any CPU
		{60C34224-466A-CAE5-7AA7-AC604E535BA5}.Debug|Any CPU.Build.0 = Debug|Any CPU
		{60C34224-466A-CAE5-7AA7-AC604E535BA5}.Release|Any CPU.ActiveCfg = Release|Any CPU
		{60C34224-466A-CAE5-7AA7-AC604E535BA5}.Release|Any CPU.Build.0 = Release|Any CPU
		{0AB21E1A-A3CC-FA9B-F996-E19D5DDE3424}.Debug|Any CPU.ActiveCfg = Debug|Any CPU
		{0AB21E1A-A3CC-FA9B-F996-E19D5DDE3424}.Debug|Any CPU.Build.0 = Debug|Any CPU
		{0AB21E1A-A3CC-FA9B-F996-E19D5DDE3424}.Release|Any CPU.ActiveCfg = Release|Any CPU
		{0AB21E1A-A3CC-FA9B-F996-E19D5DDE3424}.Release|Any CPU.Build.0 = Release|Any CPU
		{9EC8FBA0-9DC0-72A6-A0A9-82D1A4A135B7}.Debug|Any CPU.ActiveCfg = Debug|Any CPU
		{9EC8FBA0-9DC0-72A6-A0A9-82D1A4A135B7}.Debug|Any CPU.Build.0 = Debug|Any CPU
		{9EC8FBA0-9DC0-72A6-A0A9-82D1A4A135B7}.Release|Any CPU.ActiveCfg = Release|Any CPU
		{9EC8FBA0-9DC0-72A6-A0A9-82D1A4A135B7}.Release|Any CPU.Build.0 = Release|Any CPU
		{1217337F-E227-90AB-E654-AA46218C018A}.Debug|Any CPU.ActiveCfg = Debug|Any CPU
		{1217337F-E227-90AB-E654-AA46218C018A}.Debug|Any CPU.Build.0 = Debug|Any CPU
		{1217337F-E227-90AB-E654-AA46218C018A}.Release|Any CPU.ActiveCfg = Release|Any CPU
		{1217337F-E227-90AB-E654-AA46218C018A}.Release|Any CPU.Build.0 = Release|Any CPU
		{6F3E7753-409F-3F0E-264A-25D9ED7D241D}.Debug|Any CPU.ActiveCfg = Debug|Any CPU
		{6F3E7753-409F-3F0E-264A-25D9ED7D241D}.Debug|Any CPU.Build.0 = Debug|Any CPU
		{6F3E7753-409F-3F0E-264A-25D9ED7D241D}.Release|Any CPU.ActiveCfg = Release|Any CPU
		{6F3E7753-409F-3F0E-264A-25D9ED7D241D}.Release|Any CPU.Build.0 = Release|Any CPU
		{9860B4C9-4FDF-843E-6101-E0EC642ABF07}.Debug|Any CPU.ActiveCfg = Debug|Any CPU
		{9860B4C9-4FDF-843E-6101-E0EC642ABF07}.Debug|Any CPU.Build.0 = Debug|Any CPU
		{9860B4C9-4FDF-843E-6101-E0EC642ABF07}.Release|Any CPU.ActiveCfg = Release|Any CPU
		{9860B4C9-4FDF-843E-6101-E0EC642ABF07}.Release|Any CPU.Build.0 = Release|Any CPU
	EndGlobalSection
	GlobalSection(SolutionProperties) = preSolution
		HideSolutionNode = FALSE
	EndGlobalSection
EndGlobal
